
Microsoft Visual Studio Solution File, Format Version 12.00
# Visual Studio Version 17
VisualStudioVersion = 17.7.34024.191
MinimumVisualStudioVersion = 10.0.40219.1
Project("{FAE04EC0-301F-11D3-BF4B-00C04F79EFBC}") = "Amazon", "Amazon\Amazon.csproj", "{F8B26E97-C010-4923-89BB-F89B0C9C845C}"
EndProject
Global
	GlobalSection(SolutionConfigurationPlatforms) = preSolution
		Debug|Any CPU = Debug|Any CPU
		Release|Any CPU = Release|Any CPU
	EndGlobalSection
	GlobalSection(ProjectConfigurationPlatforms) = postSolution
		{F8B26E97-C010-4923-89BB-F89B0C9C845C}.Debug|Any CPU.ActiveCfg = Debug|Any CPU
		{F8B26E97-C010-4923-89BB-F89B0C9C845C}.Debug|Any CPU.Build.0 = Debug|Any CPU
		{F8B26E97-C010-4923-89BB-F89B0C9C845C}.Release|Any CPU.ActiveCfg = Release|Any CPU
		{F8B26E97-C010-4923-89BB-F89B0C9C845C}.Release|Any CPU.Build.0 = Release|Any CPU
	EndGlobalSection
	GlobalSection(SolutionProperties) = preSolution
		HideSolutionNode = FALSE
	EndGlobalSection
	GlobalSection(ExtensibilityGlobals) = postSolution
		SolutionGuid = {86B8AB84-E10E-45C3-911F-941F9AF7E6DC}
	EndGlobalSection
EndGlobal
